
Microsoft Visual Studio Solution File, Format Version 12.00
# Visual Studio Version 17
VisualStudioVersion = 17.4.33213.308
MinimumVisualStudioVersion = 10.0.40219.1
Project("{FAE04EC0-301F-11D3-BF4B-00C04F79EFBC}") = "MyTodoApp2", "MyTodoApp2\MyTodoApp2.csproj", "{9EE8FA39-FB1A-411F-9647-0C724236182C}"
EndProject
Global
	GlobalSection(SolutionConfigurationPlatforms) = preSolution
		Debug|Any CPU = Debug|Any CPU
		Release|Any CPU = Release|Any CPU
	EndGlobalSection
	GlobalSection(ProjectConfigurationPlatforms) = postSolution
		{9EE8FA39-FB1A-411F-9647-0C724236182C}.Debug|Any CPU.ActiveCfg = Debug|Any CPU
		{9EE8FA39-FB1A-411F-9647-0C724236182C}.Debug|Any CPU.Build.0 = Debug|Any CPU
		{9EE8FA39-FB1A-411F-9647-0C724236182C}.Release|Any CPU.ActiveCfg = Release|Any CPU
		{9EE8FA39-FB1A-411F-9647-0C724236182C}.Release|Any CPU.Build.0 = Release|Any CPU
	EndGlobalSection
	GlobalSection(SolutionProperties) = preSolution
		HideSolutionNode = FALSE
	EndGlobalSection
	GlobalSection(ExtensibilityGlobals) = postSolution
		SolutionGuid = {7F6A8490-AA58-4A91-9E45-E8CEDE3137B9}
	EndGlobalSection
EndGlobal
