
Microsoft Visual Studio Solution File, Format Version 12.00
# Visual Studio Version 17
VisualStudioVersion = 17.4.33213.308
MinimumVisualStudioVersion = 10.0.40219.1
Project("{FAE04EC0-301F-11D3-BF4B-00C04F79EFBC}") = "TodoApi", "TodoApi\TodoApi.csproj", "{C17D0838-0F4B-411F-B397-1F8697E4E92E}"
EndProject
Global
	GlobalSection(SolutionConfigurationPlatforms) = preSolution
		Debug|Any CPU = Debug|Any CPU
		Release|Any CPU = Release|Any CPU
	EndGlobalSection
	GlobalSection(ProjectConfigurationPlatforms) = postSolution
		{C17D0838-0F4B-411F-B397-1F8697E4E92E}.Debug|Any CPU.ActiveCfg = Debug|Any CPU
		{C17D0838-0F4B-411F-B397-1F8697E4E92E}.Debug|Any CPU.Build.0 = Debug|Any CPU
		{C17D0838-0F4B-411F-B397-1F8697E4E92E}.Release|Any CPU.ActiveCfg = Release|Any CPU
		{C17D0838-0F4B-411F-B397-1F8697E4E92E}.Release|Any CPU.Build.0 = Release|Any CPU
	EndGlobalSection
	GlobalSection(SolutionProperties) = preSolution
		HideSolutionNode = FALSE
	EndGlobalSection
	GlobalSection(ExtensibilityGlobals) = postSolution
		SolutionGuid = {8BF5CF83-C7C3-44D2-9D6E-999130496863}
	EndGlobalSection
EndGlobal
